
Microsoft Visual Studio Solution File, Format Version 12.00
# Visual Studio 2012
Project("{8BC9CEB8-8B4A-11D0-8D11-00A0C91BC942}") = "QuanLySV", "QuanLySV\QuanLySV.vcxproj", "{BDA51851-158B-4A38-8B8C-E509B9C64C72}"
EndProject
Project("{8BC9CEB8-8B4A-11D0-8D11-00A0C91BC942}") = "QuanLySinhVienVer2", "QuanLySinhVienVer2\QuanLySinhVienVer2.vcxproj", "{61D4D19A-447F-4C95-8CCB-BCE71BE544D8}"
EndProject
Project("{FAE04EC0-301F-11D3-BF4B-00C04F79EFBC}") = "BT1TestTryCatch", "BT1TestTryCatch\BT1TestTryCatch.csproj", "{3E0156D6-67F2-402E-8B85-E6DCCFDCFC65}"
EndProject
Project("{8BC9CEB8-8B4A-11D0-8D11-00A0C91BC942}") = "ConstructorDestructorGetterSetter", "ConstructorDestructorGetterSetter\ConstructorDestructorGetterSetter.vcxproj", "{C7578A78-09CA-47EA-9693-7D9545A482E1}"
EndProject
Project("{8BC9CEB8-8B4A-11D0-8D11-00A0C91BC942}") = "BTDiemTaiLop", "ConstructorDestructorGetterSetterExercise\ConstructorDestructorGetterSetterExercise.vcxproj", "{9FF5AFEA-B446-4F8E-8B45-5E11313BF29C}"
EndProject
Project("{8BC9CEB8-8B4A-11D0-8D11-00A0C91BC942}") = "BTPhanSoTaiLop", "BTPhanSoTaiLop\BTPhanSoTaiLop.vcxproj", "{C4EF8A7F-7D95-477D-BDC0-6FDDD0607F3D}"
EndProject
Project("{8BC9CEB8-8B4A-11D0-8D11-00A0C91BC942}") = "BTQuanLySVTaiLop", "BTQuanLySVTaiLop\BTQuanLySVTaiLop.vcxproj", "{AA40E24E-D040-45F1-A688-0B4EA672619F}"
EndProject
Global
	GlobalSection(SolutionConfigurationPlatforms) = preSolution
		Debug|Any CPU = Debug|Any CPU
		Debug|Mixed Platforms = Debug|Mixed Platforms
		Debug|Win32 = Debug|Win32
		Release|Any CPU = Release|Any CPU
		Release|Mixed Platforms = Release|Mixed Platforms
		Release|Win32 = Release|Win32
	EndGlobalSection
	GlobalSection(ProjectConfigurationPlatforms) = postSolution
		{BDA51851-158B-4A38-8B8C-E509B9C64C72}.Debug|Any CPU.ActiveCfg = Debug|Win32
		{BDA51851-158B-4A38-8B8C-E509B9C64C72}.Debug|Mixed Platforms.ActiveCfg = Debug|Win32
		{BDA51851-158B-4A38-8B8C-E509B9C64C72}.Debug|Mixed Platforms.Build.0 = Debug|Win32
		{BDA51851-158B-4A38-8B8C-E509B9C64C72}.Debug|Win32.ActiveCfg = Debug|Win32
		{BDA51851-158B-4A38-8B8C-E509B9C64C72}.Debug|Win32.Build.0 = Debug|Win32
		{BDA51851-158B-4A38-8B8C-E509B9C64C72}.Release|Any CPU.ActiveCfg = Release|Win32
		{BDA51851-158B-4A38-8B8C-E509B9C64C72}.Release|Mixed Platforms.ActiveCfg = Release|Win32
		{BDA51851-158B-4A38-8B8C-E509B9C64C72}.Release|Mixed Platforms.Build.0 = Release|Win32
		{BDA51851-158B-4A38-8B8C-E509B9C64C72}.Release|Win32.ActiveCfg = Release|Win32
		{BDA51851-158B-4A38-8B8C-E509B9C64C72}.Release|Win32.Build.0 = Release|Win32
		{61D4D19A-447F-4C95-8CCB-BCE71BE544D8}.Debug|Any CPU.ActiveCfg = Debug|Win32
		{61D4D19A-447F-4C95-8CCB-BCE71BE544D8}.Debug|Mixed Platforms.ActiveCfg = Debug|Win32
		{61D4D19A-447F-4C95-8CCB-BCE71BE544D8}.Debug|Mixed Platforms.Build.0 = Debug|Win32
		{61D4D19A-447F-4C95-8CCB-BCE71BE544D8}.Debug|Win32.ActiveCfg = Debug|Win32
		{61D4D19A-447F-4C95-8CCB-BCE71BE544D8}.Debug|Win32.Build.0 = Debug|Win32
		{61D4D19A-447F-4C95-8CCB-BCE71BE544D8}.Release|Any CPU.ActiveCfg = Release|Win32
		{61D4D19A-447F-4C95-8CCB-BCE71BE544D8}.Release|Mixed Platforms.ActiveCfg = Release|Win32
		{61D4D19A-447F-4C95-8CCB-BCE71BE544D8}.Release|Mixed Platforms.Build.0 = Release|Win32
		{61D4D19A-447F-4C95-8CCB-BCE71BE544D8}.Release|Win32.ActiveCfg = Release|Win32
		{61D4D19A-447F-4C95-8CCB-BCE71BE544D8}.Release|Win32.Build.0 = Release|Win32
		{3E0156D6-67F2-402E-8B85-E6DCCFDCFC65}.Debug|Any CPU.ActiveCfg = Debug|Any CPU
		{3E0156D6-67F2-402E-8B85-E6DCCFDCFC65}.Debug|Any CPU.Build.0 = Debug|Any CPU
		{3E0156D6-67F2-402E-8B85-E6DCCFDCFC65}.Debug|Mixed Platforms.ActiveCfg = Debug|Any CPU
		{3E0156D6-67F2-402E-8B85-E6DCCFDCFC65}.Debug|Mixed Platforms.Build.0 = Debug|Any CPU
		{3E0156D6-67F2-402E-8B85-E6DCCFDCFC65}.Debug|Win32.ActiveCfg = Debug|Any CPU
		{3E0156D6-67F2-402E-8B85-E6DCCFDCFC65}.Release|Any CPU.ActiveCfg = Release|Any CPU
		{3E0156D6-67F2-402E-8B85-E6DCCFDCFC65}.Release|Any CPU.Build.0 = Release|Any CPU
		{3E0156D6-67F2-402E-8B85-E6DCCFDCFC65}.Release|Mixed Platforms.ActiveCfg = Release|Any CPU
		{3E0156D6-67F2-402E-8B85-E6DCCFDCFC65}.Release|Mixed Platforms.Build.0 = Release|Any CPU
		{3E0156D6-67F2-402E-8B85-E6DCCFDCFC65}.Release|Win32.ActiveCfg = Release|Any CPU
		{C7578A78-09CA-47EA-9693-7D9545A482E1}.Debug|Any CPU.ActiveCfg = Debug|Win32
		{C7578A78-09CA-47EA-9693-7D9545A482E1}.Debug|Mixed Platforms.ActiveCfg = Debug|Win32
		{C7578A78-09CA-47EA-9693-7D9545A482E1}.Debug|Mixed Platforms.Build.0 = Debug|Win32
		{C7578A78-09CA-47EA-9693-7D9545A482E1}.Debug|Win32.ActiveCfg = Debug|Win32
		{C7578A78-09CA-47EA-9693-7D9545A482E1}.Debug|Win32.Build.0 = Debug|Win32
		{C7578A78-09CA-47EA-9693-7D9545A482E1}.Release|Any CPU.ActiveCfg = Release|Win32
		{C7578A78-09CA-47EA-9693-7D9545A482E1}.Release|Mixed Platforms.ActiveCfg = Release|Win32
		{C7578A78-09CA-47EA-9693-7D9545A482E1}.Release|Mixed Platforms.Build.0 = Release|Win32
		{C7578A78-09CA-47EA-9693-7D9545A482E1}.Release|Win32.ActiveCfg = Release|Win32
		{C7578A78-09CA-47EA-9693-7D9545A482E1}.Release|Win32.Build.0 = Release|Win32
		{9FF5AFEA-B446-4F8E-8B45-5E11313BF29C}.Debug|Any CPU.ActiveCfg = Debug|Win32
		{9FF5AFEA-B446-4F8E-8B45-5E11313BF29C}.Debug|Mixed Platforms.ActiveCfg = Debug|Win32
		{9FF5AFEA-B446-4F8E-8B45-5E11313BF29C}.Debug|Mixed Platforms.Build.0 = Debug|Win32
		{9FF5AFEA-B446-4F8E-8B45-5E11313BF29C}.Debug|Win32.ActiveCfg = Debug|Win32
		{9FF5AFEA-B446-4F8E-8B45-5E11313BF29C}.Debug|Win32.Build.0 = Debug|Win32
		{9FF5AFEA-B446-4F8E-8B45-5E11313BF29C}.Release|Any CPU.ActiveCfg = Release|Win32
		{9FF5AFEA-B446-4F8E-8B45-5E11313BF29C}.Release|Mixed Platforms.ActiveCfg = Release|Win32
		{9FF5AFEA-B446-4F8E-8B45-5E11313BF29C}.Release|Mixed Platforms.Build.0 = Release|Win32
		{9FF5AFEA-B446-4F8E-8B45-5E11313BF29C}.Release|Win32.ActiveCfg = Release|Win32
		{9FF5AFEA-B446-4F8E-8B45-5E11313BF29C}.Release|Win32.Build.0 = Release|Win32
		{C4EF8A7F-7D95-477D-BDC0-6FDDD0607F3D}.Debug|Any CPU.ActiveCfg = Debug|Win32
		{C4EF8A7F-7D95-477D-BDC0-6FDDD0607F3D}.Debug|Mixed Platforms.ActiveCfg = Debug|Win32
		{C4EF8A7F-7D95-477D-BDC0-6FDDD0607F3D}.Debug|Mixed Platforms.Build.0 = Debug|Win32
		{C4EF8A7F-7D95-477D-BDC0-6FDDD0607F3D}.Debug|Win32.ActiveCfg = Debug|Win32
		{C4EF8A7F-7D95-477D-BDC0-6FDDD0607F3D}.Debug|Win32.Build.0 = Debug|Win32
		{C4EF8A7F-7D95-477D-BDC0-6FDDD0607F3D}.Release|Any CPU.ActiveCfg = Release|Win32
		{C4EF8A7F-7D95-477D-BDC0-6FDDD0607F3D}.Release|Mixed Platforms.ActiveCfg = Release|Win32
		{C4EF8A7F-7D95-477D-BDC0-6FDDD0607F3D}.Release|Mixed Platforms.Build.0 = Release|Win32
		{C4EF8A7F-7D95-477D-BDC0-6FDDD0607F3D}.Release|Win32.ActiveCfg = Release|Win32
		{C4EF8A7F-7D95-477D-BDC0-6FDDD0607F3D}.Release|Win32.Build.0 = Release|Win32
		{AA40E24E-D040-45F1-A688-0B4EA672619F}.Debug|Any CPU.ActiveCfg = Debug|Win32
		{AA40E24E-D040-45F1-A688-0B4EA672619F}.Debug|Mixed Platforms.ActiveCfg = Debug|Win32
		{AA40E24E-D040-45F1-A688-0B4EA672619F}.Debug|Mixed Platforms.Build.0 = Debug|Win32
		{AA40E24E-D040-45F1-A688-0B4EA672619F}.Debug|Win32.ActiveCfg = Debug|Win32
		{AA40E24E-D040-45F1-A688-0B4EA672619F}.Debug|Win32.Build.0 = Debug|Win32
		{AA40E24E-D040-45F1-A688-0B4EA672619F}.Release|Any CPU.ActiveCfg = Release|Win32
		{AA40E24E-D040-45F1-A688-0B4EA672619F}.Release|Mixed Platforms.ActiveCfg = Release|Win32
		{AA40E24E-D040-45F1-A688-0B4EA672619F}.Release|Mixed Platforms.Build.0 = Release|Win32
		{AA40E24E-D040-45F1-A688-0B4EA672619F}.Release|Win32.ActiveCfg = Release|Win32
		{AA40E24E-D040-45F1-A688-0B4EA672619F}.Release|Win32.Build.0 = Release|Win32
	EndGlobalSection
	GlobalSection(SolutionProperties) = preSolution
		HideSolutionNode = FALSE
	EndGlobalSection
EndGlobal
